
Microsoft Visual Studio Solution File, Format Version 12.00
# Visual Studio Version 16
VisualStudioVersion = 16.0.32602.291
MinimumVisualStudioVersion = 10.0.40219.1
Project("{FAE04EC0-301F-11D3-BF4B-00C04F79EFBC}") = "ConsoleApp1", "ConsoleApp1\ConsoleApp1.csproj", "{F06B5C40-122A-4C59-A11B-0A45B79A8911}"
EndProject
Global
	GlobalSection(SolutionConfigurationPlatforms) = preSolution
		Debug|Any CPU = Debug|Any CPU
		Release|Any CPU = Release|Any CPU
	EndGlobalSection
	GlobalSection(ProjectConfigurationPlatforms) = postSolution
		{F06B5C40-122A-4C59-A11B-0A45B79A8911}.Debug|Any CPU.ActiveCfg = Debug|Any CPU
		{F06B5C40-122A-4C59-A11B-0A45B79A8911}.Debug|Any CPU.Build.0 = Debug|Any CPU
		{F06B5C40-122A-4C59-A11B-0A45B79A8911}.Release|Any CPU.ActiveCfg = Release|Any CPU
		{F06B5C40-122A-4C59-A11B-0A45B79A8911}.Release|Any CPU.Build.0 = Release|Any CPU
	EndGlobalSection
	GlobalSection(SolutionProperties) = preSolution
		HideSolutionNode = FALSE
	EndGlobalSection
	GlobalSection(ExtensibilityGlobals) = postSolution
		SolutionGuid = {DF0A596A-4883-4B0B-94F7-8D9FF074B248}
	EndGlobalSection
EndGlobal
